
Microsoft Visual Studio Solution File, Format Version 12.00
# Visual Studio Version 17
VisualStudioVersion = 17.5.002.0
MinimumVisualStudioVersion = 10.0.40219.1
Project("{9A19103F-16F7-4668-BE54-9A1E7A4F7556}") = "GoodGood", "GoodGood.csproj", "{46D5E616-BC40-46D9-A087-F1529C3CE8B6}"
EndProject
Global
	GlobalSection(SolutionConfigurationPlatforms) = preSolution
		Debug|Any CPU = Debug|Any CPU
		Release|Any CPU = Release|Any CPU
	EndGlobalSection
	GlobalSection(ProjectConfigurationPlatforms) = postSolution
		{46D5E616-BC40-46D9-A087-F1529C3CE8B6}.Debug|Any CPU.ActiveCfg = Debug|Any CPU
		{46D5E616-BC40-46D9-A087-F1529C3CE8B6}.Debug|Any CPU.Build.0 = Debug|Any CPU
		{46D5E616-BC40-46D9-A087-F1529C3CE8B6}.Release|Any CPU.ActiveCfg = Release|Any CPU
		{46D5E616-BC40-46D9-A087-F1529C3CE8B6}.Release|Any CPU.Build.0 = Release|Any CPU
	EndGlobalSection
	GlobalSection(SolutionProperties) = preSolution
		HideSolutionNode = FALSE
	EndGlobalSection
	GlobalSection(ExtensibilityGlobals) = postSolution
		SolutionGuid = {02904DF0-6DEF-4255-921D-1026CEE4000A}
	EndGlobalSection
EndGlobal
